
Microsoft Visual Studio Solution File, Format Version 12.00
# Visual Studio 15
VisualStudioVersion = 15.0.26124.0
MinimumVisualStudioVersion = 15.0.26124.0
Project("{FAE04EC0-301F-11D3-BF4B-00C04F79EFBC}") = "Generator", "Generator\Generator.csproj", "{9F5D8CF4-9678-43EF-8262-CCBF010F6CB4}"
EndProject
Project("{FAE04EC0-301F-11D3-BF4B-00C04F79EFBC}") = "BitcoinUtilities", "BitcoinUtilities\BitcoinUtilities.csproj", "{45AA720D-FE97-4A5B-AD54-ED7AB3D36715}"
EndProject
Project("{FAE04EC0-301F-11D3-BF4B-00C04F79EFBC}") = "AddressGenerator", "AddressGenerator\AddressGenerator.csproj", "{ABD1F73F-D212-4EE9-8AEB-89D554932D61}"
EndProject
Project("{FAE04EC0-301F-11D3-BF4B-00C04F79EFBC}") = "Phase0Worker", "Phase0Worker\Phase0Worker.csproj", "{5B953881-80DD-4F6A-9986-634E2C41637E}"
EndProject
Project("{FAE04EC0-301F-11D3-BF4B-00C04F79EFBC}") = "RedisCache", "RedisCache\RedisCache.csproj", "{A4B96586-0A44-4912-B5F7-806F10C313D3}"
EndProject
Global
	GlobalSection(SolutionConfigurationPlatforms) = preSolution
		Debug|Any CPU = Debug|Any CPU
		Debug|x64 = Debug|x64
		Debug|x86 = Debug|x86
		Release|Any CPU = Release|Any CPU
		Release|x64 = Release|x64
		Release|x86 = Release|x86
	EndGlobalSection
	GlobalSection(SolutionProperties) = preSolution
		HideSolutionNode = FALSE
	EndGlobalSection
	GlobalSection(ProjectConfigurationPlatforms) = postSolution
		{9F5D8CF4-9678-43EF-8262-CCBF010F6CB4}.Debug|Any CPU.ActiveCfg = Debug|Any CPU
		{9F5D8CF4-9678-43EF-8262-CCBF010F6CB4}.Debug|Any CPU.Build.0 = Debug|Any CPU
		{9F5D8CF4-9678-43EF-8262-CCBF010F6CB4}.Debug|x64.ActiveCfg = Debug|Any CPU
		{9F5D8CF4-9678-43EF-8262-CCBF010F6CB4}.Debug|x64.Build.0 = Debug|Any CPU
		{9F5D8CF4-9678-43EF-8262-CCBF010F6CB4}.Debug|x86.ActiveCfg = Debug|Any CPU
		{9F5D8CF4-9678-43EF-8262-CCBF010F6CB4}.Debug|x86.Build.0 = Debug|Any CPU
		{9F5D8CF4-9678-43EF-8262-CCBF010F6CB4}.Release|Any CPU.ActiveCfg = Release|Any CPU
		{9F5D8CF4-9678-43EF-8262-CCBF010F6CB4}.Release|Any CPU.Build.0 = Release|Any CPU
		{9F5D8CF4-9678-43EF-8262-CCBF010F6CB4}.Release|x64.ActiveCfg = Release|Any CPU
		{9F5D8CF4-9678-43EF-8262-CCBF010F6CB4}.Release|x64.Build.0 = Release|Any CPU
		{9F5D8CF4-9678-43EF-8262-CCBF010F6CB4}.Release|x86.ActiveCfg = Release|Any CPU
		{9F5D8CF4-9678-43EF-8262-CCBF010F6CB4}.Release|x86.Build.0 = Release|Any CPU
		{45AA720D-FE97-4A5B-AD54-ED7AB3D36715}.Debug|Any CPU.ActiveCfg = Debug|Any CPU
		{45AA720D-FE97-4A5B-AD54-ED7AB3D36715}.Debug|Any CPU.Build.0 = Debug|Any CPU
		{45AA720D-FE97-4A5B-AD54-ED7AB3D36715}.Debug|x64.ActiveCfg = Debug|Any CPU
		{45AA720D-FE97-4A5B-AD54-ED7AB3D36715}.Debug|x64.Build.0 = Debug|Any CPU
		{45AA720D-FE97-4A5B-AD54-ED7AB3D36715}.Debug|x86.ActiveCfg = Debug|Any CPU
		{45AA720D-FE97-4A5B-AD54-ED7AB3D36715}.Debug|x86.Build.0 = Debug|Any CPU
		{45AA720D-FE97-4A5B-AD54-ED7AB3D36715}.Release|Any CPU.ActiveCfg = Release|Any CPU
		{45AA720D-FE97-4A5B-AD54-ED7AB3D36715}.Release|Any CPU.Build.0 = Release|Any CPU
		{45AA720D-FE97-4A5B-AD54-ED7AB3D36715}.Release|x64.ActiveCfg = Release|Any CPU
		{45AA720D-FE97-4A5B-AD54-ED7AB3D36715}.Release|x64.Build.0 = Release|Any CPU
		{45AA720D-FE97-4A5B-AD54-ED7AB3D36715}.Release|x86.ActiveCfg = Release|Any CPU
		{45AA720D-FE97-4A5B-AD54-ED7AB3D36715}.Release|x86.Build.0 = Release|Any CPU
		{ABD1F73F-D212-4EE9-8AEB-89D554932D61}.Debug|Any CPU.ActiveCfg = Debug|Any CPU
		{ABD1F73F-D212-4EE9-8AEB-89D554932D61}.Debug|Any CPU.Build.0 = Debug|Any CPU
		{ABD1F73F-D212-4EE9-8AEB-89D554932D61}.Debug|x64.ActiveCfg = Debug|Any CPU
		{ABD1F73F-D212-4EE9-8AEB-89D554932D61}.Debug|x64.Build.0 = Debug|Any CPU
		{ABD1F73F-D212-4EE9-8AEB-89D554932D61}.Debug|x86.ActiveCfg = Debug|Any CPU
		{ABD1F73F-D212-4EE9-8AEB-89D554932D61}.Debug|x86.Build.0 = Debug|Any CPU
		{ABD1F73F-D212-4EE9-8AEB-89D554932D61}.Release|Any CPU.ActiveCfg = Release|Any CPU
		{ABD1F73F-D212-4EE9-8AEB-89D554932D61}.Release|Any CPU.Build.0 = Release|Any CPU
		{ABD1F73F-D212-4EE9-8AEB-89D554932D61}.Release|x64.ActiveCfg = Release|Any CPU
		{ABD1F73F-D212-4EE9-8AEB-89D554932D61}.Release|x64.Build.0 = Release|Any CPU
		{ABD1F73F-D212-4EE9-8AEB-89D554932D61}.Release|x86.ActiveCfg = Release|Any CPU
		{ABD1F73F-D212-4EE9-8AEB-89D554932D61}.Release|x86.Build.0 = Release|Any CPU
		{5B953881-80DD-4F6A-9986-634E2C41637E}.Debug|Any CPU.ActiveCfg = Debug|Any CPU
		{5B953881-80DD-4F6A-9986-634E2C41637E}.Debug|Any CPU.Build.0 = Debug|Any CPU
		{5B953881-80DD-4F6A-9986-634E2C41637E}.Debug|x64.ActiveCfg = Debug|Any CPU
		{5B953881-80DD-4F6A-9986-634E2C41637E}.Debug|x64.Build.0 = Debug|Any CPU
		{5B953881-80DD-4F6A-9986-634E2C41637E}.Debug|x86.ActiveCfg = Debug|Any CPU
		{5B953881-80DD-4F6A-9986-634E2C41637E}.Debug|x86.Build.0 = Debug|Any CPU
		{5B953881-80DD-4F6A-9986-634E2C41637E}.Release|Any CPU.ActiveCfg = Release|Any CPU
		{5B953881-80DD-4F6A-9986-634E2C41637E}.Release|Any CPU.Build.0 = Release|Any CPU
		{5B953881-80DD-4F6A-9986-634E2C41637E}.Release|x64.ActiveCfg = Release|Any CPU
		{5B953881-80DD-4F6A-9986-634E2C41637E}.Release|x64.Build.0 = Release|Any CPU
		{5B953881-80DD-4F6A-9986-634E2C41637E}.Release|x86.ActiveCfg = Release|Any CPU
		{5B953881-80DD-4F6A-9986-634E2C41637E}.Release|x86.Build.0 = Release|Any CPU
		{A4B96586-0A44-4912-B5F7-806F10C313D3}.Debug|Any CPU.ActiveCfg = Debug|Any CPU
		{A4B96586-0A44-4912-B5F7-806F10C313D3}.Debug|Any CPU.Build.0 = Debug|Any CPU
		{A4B96586-0A44-4912-B5F7-806F10C313D3}.Debug|x64.ActiveCfg = Debug|Any CPU
		{A4B96586-0A44-4912-B5F7-806F10C313D3}.Debug|x64.Build.0 = Debug|Any CPU
		{A4B96586-0A44-4912-B5F7-806F10C313D3}.Debug|x86.ActiveCfg = Debug|Any CPU
		{A4B96586-0A44-4912-B5F7-806F10C313D3}.Debug|x86.Build.0 = Debug|Any CPU
		{A4B96586-0A44-4912-B5F7-806F10C313D3}.Release|Any CPU.ActiveCfg = Release|Any CPU
		{A4B96586-0A44-4912-B5F7-806F10C313D3}.Release|Any CPU.Build.0 = Release|Any CPU
		{A4B96586-0A44-4912-B5F7-806F10C313D3}.Release|x64.ActiveCfg = Release|Any CPU
		{A4B96586-0A44-4912-B5F7-806F10C313D3}.Release|x64.Build.0 = Release|Any CPU
		{A4B96586-0A44-4912-B5F7-806F10C313D3}.Release|x86.ActiveCfg = Release|Any CPU
		{A4B96586-0A44-4912-B5F7-806F10C313D3}.Release|x86.Build.0 = Release|Any CPU
	EndGlobalSection
EndGlobal
